
Microsoft Visual Studio Solution File, Format Version 12.00
# Visual Studio 14
VisualStudioVersion = 14.0.25420.1
MinimumVisualStudioVersion = 10.0.40219.1
Project("{FAE04EC0-301F-11D3-BF4B-00C04F79EFBC}") = "UoW", "UoW\UoW.csproj", "{AD10CEDB-2C5B-4A0B-9DED-F1C425DCEEE8}"
EndProject
Project("{FAE04EC0-301F-11D3-BF4B-00C04F79EFBC}") = "UoW.Model", "UoW.Model\UoW.Model.csproj", "{EECC0C53-368C-4AF9-95A5-1021C546887F}"
EndProject
Project("{FAE04EC0-301F-11D3-BF4B-00C04F79EFBC}") = "UoW.Data", "UoW.Data\UoW.Data.csproj", "{E0F49AC7-C46A-4E11-A879-864757B4F2DA}"
EndProject
Global
	GlobalSection(SolutionConfigurationPlatforms) = preSolution
		Debug|Any CPU = Debug|Any CPU
		Release|Any CPU = Release|Any CPU
	EndGlobalSection
	GlobalSection(ProjectConfigurationPlatforms) = postSolution
		{AD10CEDB-2C5B-4A0B-9DED-F1C425DCEEE8}.Debug|Any CPU.ActiveCfg = Debug|Any CPU
		{AD10CEDB-2C5B-4A0B-9DED-F1C425DCEEE8}.Debug|Any CPU.Build.0 = Debug|Any CPU
		{AD10CEDB-2C5B-4A0B-9DED-F1C425DCEEE8}.Release|Any CPU.ActiveCfg = Release|Any CPU
		{AD10CEDB-2C5B-4A0B-9DED-F1C425DCEEE8}.Release|Any CPU.Build.0 = Release|Any CPU
		{EECC0C53-368C-4AF9-95A5-1021C546887F}.Debug|Any CPU.ActiveCfg = Debug|Any CPU
		{EECC0C53-368C-4AF9-95A5-1021C546887F}.Debug|Any CPU.Build.0 = Debug|Any CPU
		{EECC0C53-368C-4AF9-95A5-1021C546887F}.Release|Any CPU.ActiveCfg = Release|Any CPU
		{EECC0C53-368C-4AF9-95A5-1021C546887F}.Release|Any CPU.Build.0 = Release|Any CPU
		{E0F49AC7-C46A-4E11-A879-864757B4F2DA}.Debug|Any CPU.ActiveCfg = Debug|Any CPU
		{E0F49AC7-C46A-4E11-A879-864757B4F2DA}.Debug|Any CPU.Build.0 = Debug|Any CPU
		{E0F49AC7-C46A-4E11-A879-864757B4F2DA}.Release|Any CPU.ActiveCfg = Release|Any CPU
		{E0F49AC7-C46A-4E11-A879-864757B4F2DA}.Release|Any CPU.Build.0 = Release|Any CPU
	EndGlobalSection
	GlobalSection(SolutionProperties) = preSolution
		HideSolutionNode = FALSE
	EndGlobalSection
EndGlobal
